
Microsoft Visual Studio Solution File, Format Version 12.00
# Visual Studio Version 17
VisualStudioVersion = 17.3.32901.215
MinimumVisualStudioVersion = 10.0.40219.1
Project("{9A19103F-16F7-4668-BE54-9A1E7A4F7556}") = "csharp-web-dev-exceptions", "csharp-web-dev-exceptions.csproj", "{B8BB1DD6-A4DF-4202-955E-B6FE67D6F496}"
EndProject
Global
	GlobalSection(SolutionConfigurationPlatforms) = preSolution
		Debug|Any CPU = Debug|Any CPU
		Release|Any CPU = Release|Any CPU
	EndGlobalSection
	GlobalSection(ProjectConfigurationPlatforms) = postSolution
		{B8BB1DD6-A4DF-4202-955E-B6FE67D6F496}.Debug|Any CPU.ActiveCfg = Debug|Any CPU
		{B8BB1DD6-A4DF-4202-955E-B6FE67D6F496}.Debug|Any CPU.Build.0 = Debug|Any CPU
		{B8BB1DD6-A4DF-4202-955E-B6FE67D6F496}.Release|Any CPU.ActiveCfg = Release|Any CPU
		{B8BB1DD6-A4DF-4202-955E-B6FE67D6F496}.Release|Any CPU.Build.0 = Release|Any CPU
	EndGlobalSection
	GlobalSection(SolutionProperties) = preSolution
		HideSolutionNode = FALSE
	EndGlobalSection
	GlobalSection(ExtensibilityGlobals) = postSolution
		SolutionGuid = {015A3EDE-52B6-43FA-AC98-E26D46529BAF}
	EndGlobalSection
EndGlobal
